// !$*UTF8*$!
{
	archiveVersion = 1;
	classes = {
	};
	objectVersion = 50;
	objects = {

/* Begin PBXBuildFile section */
		9231081725EFFBF40057AD6D /* AppDelegate.swift in Sources */ = {isa = PBXBuildFile; fileRef = 9231081625EFFBF40057AD6D /* AppDelegate.swift */; };
		9231081925EFFBF40057AD6D /* Paintings.scnassets in Resources */ = {isa = PBXBuildFile; fileRef = 9231081825EFFBF40057AD6D /* Paintings.scnassets */; };
		9231081B25EFFBF40057AD6D /* ViewController.swift in Sources */ = {isa = PBXBuildFile; fileRef = 9231081A25EFFBF40057AD6D /* ViewController.swift */; };
		9231081E25EFFBF40057AD6D /* Main.storyboard in Resources */ = {isa = PBXBuildFile; fileRef = 9231081C25EFFBF40057AD6D /* Main.storyboard */; };
		9231082025EFFBF70057AD6D /* Assets.xcassets in Resources */ = {isa = PBXBuildFile; fileRef = 9231081F25EFFBF70057AD6D /* Assets.xcassets */; };
		9231082325EFFBF70057AD6D /* LaunchScreen.storyboard in Resources */ = {isa = PBXBuildFile; fileRef = 9231082125EFFBF70057AD6D /* LaunchScreen.storyboard */; };
/* End PBXBuildFile section */

/* Begin PBXFileReference section */
		9231081325EFFBF40057AD6D /* Walley.app */ = {isa = PBXFileReference; explicitFileType = wrapper.application; includeInIndex = 0; path = Walley.app; sourceTree = BUILT_PRODUCTS_DIR; };
		9231081625EFFBF40057AD6D /* AppDelegate.swift */ = {isa = PBXFileReference; lastKnownFileType = sourcecode.swift; path = AppDelegate.swift; sourceTree = "<group>"; };
		9231081825EFFBF40057AD6D /* Paintings.scnassets */ = {isa = PBXFileReference; lastKnownFileType = wrapper.scnassets; path = Paintings.scnassets; sourceTree = "<group>"; };
		9231081A25EFFBF40057AD6D /* ViewController.swift */ = {isa = PBXFileReference; lastKnownFileType = sourcecode.swift; path = ViewController.swift; sourceTree = "<group>"; };
		9231081D25EFFBF40057AD6D /* Base */ = {isa = PBXFileReference; lastKnownFileType = file.storyboard; name = Base; path = Base.lproj/Main.storyboard; sourceTree = "<group>"; };
		9231081F25EFFBF70057AD6D /* Assets.xcassets */ = {isa = PBXFileReference; lastKnownFileType = folder.assetcatalog; path = Assets.xcassets; sourceTree = "<group>"; };
		9231082225EFFBF70057AD6D /* Base */ = {isa = PBXFileReference; lastKnownFileType = file.storyboard; name = Base; path = Base.lproj/LaunchScreen.storyboard; sourceTree = "<group>"; };
		9231082425EFFBF70057AD6D /* Info.plist */ = {isa = PBXFileReference; lastKnownFileType = text.plist.xml; path = Info.plist; sourceTree = "<group>"; };
/* End PBXFileReference section */

/* Begin PBXFrameworksBuildPhase section */
		9231081025EFFBF40057AD6D /* Frameworks */ = {
			isa = PBXFrameworksBuildPhase;
			buildActionMask = 2147483647;
			files = (
			);
			runOnlyForDeploymentPostprocessing = 0;
		};
/* End PBXFrameworksBuildPhase section */

/* Begin PBXGroup section */
		9231080A25EFFBF40057AD6D = {
			isa = PBXGroup;
			children = (
				9231081525EFFBF40057AD6D /* Walley */,
				9231081425EFFBF40057AD6D /* Products */,
			);
			sourceTree = "<group>";
		};
		9231081425EFFBF40057AD6D /* Products */ = {
			isa = PBXGroup;
			children = (
				9231081325EFFBF40057AD6D /* Walley.app */,
			);
			name = Products;
			sourceTree = "<group>";
		};
		9231081525EFFBF40057AD6D /* Walley */ = {
			isa = PBXGroup;
			children = (
				9231081625EFFBF40057AD6D /* AppDelegate.swift */,
				9231081825EFFBF40057AD6D /* Paintings.scnassets */,
				9231081A25EFFBF40057AD6D /* ViewController.swift */,
				9231081C25EFFBF40057AD6D /* Main.storyboard */,
				9231081F25EFFBF70057AD6D /* Assets.xcassets */,
				9231082125EFFBF70057AD6D /* LaunchScreen.storyboard */,
				9231082425EFFBF70057AD6D /* Info.plist */,
			);
			path = Walley;
			sourceTree = "<group>";
		};
/* End PBXGroup section */

/* Begin PBXNativeTarget section */
		9231081225EFFBF40057AD6D /* Walley */ = {
			isa = PBXNativeTarget;
			buildConfigurationList = 9231082725EFFBF70057AD6D /* Build configuration list for PBXNativeTarget "Walley" */;
			buildPhases = (
				9231080F25EFFBF40057AD6D /* Sources */,
				9231081025EFFBF40057AD6D /* Frameworks */,
				9231081125EFFBF40057AD6D /* Resources */,
			);
			buildRules = (
			);
			dependencies = (
			);
			name = Walley;
			productName = Walley;
			productReference = 9231081325EFFBF40057AD6D /* Walley.app */;
			productType = "com.apple.product-type.application";
		};
/* End PBXNativeTarget section */

/* Begin PBXProject section */
		9231080B25EFFBF40057AD6D /* Project object */ = {
			isa = PBXProject;
			attributes = {
				LastSwiftUpdateCheck = 1240;
				LastUpgradeCheck = 1240;
				TargetAttributes = {
					9231081225EFFBF40057AD6D = {
						CreatedOnToolsVersion = 12.4;
					};
				};
			};
			buildConfigurationList = 9231080E25EFFBF40057AD6D /* Build configuration list for PBXProject "Walley" */;
			compatibilityVersion = "Xcode 9.3";
			developmentRegion = en;
			hasScannedForEncodings = 0;
			knownRegions = (
				en,
				Base,
			);
			mainGroup = 9231080A25EFFBF40057AD6D;
			productRefGroup = 9231081425EFFBF40057AD6D /* Products */;
			projectDirPath = "";
			projectRoot = "";
			targets = (
				9231081225EFFBF40057AD6D /* Walley */,
			);
		};
/* End PBXProject section */

/* Begin PBXResourcesBuildPhase section */
		9231081125EFFBF40057AD6D /* Resources */ = {
			isa = PBXResourcesBuildPhase;
			buildActionMask = 2147483647;
			files = (
				9231081925EFFBF40057AD6D /* Paintings.scnassets in Resources */,
				9231082325EFFBF70057AD6D /* LaunchScreen.storyboard in Resources */,
				9231082025EFFBF70057AD6D /* Assets.xcassets in Resources */,
				9231081E25EFFBF40057AD6D /* Main.storyboard in Resources */,
			);
			runOnlyForDeploymentPostprocessing = 0;
		};
/* End PBXResourcesBuildPhase section */

/* Begin PBXSourcesBuildPhase section */
		9231080F25EFFBF40057AD6D /* Sources */ = {
			isa = PBXSourcesBuildPhase;
			buildActionMask = 2147483647;
			files = (
				9231081B25EFFBF40057AD6D /* ViewController.swift in Sources */,
				9231081725EFFBF40057AD6D /* AppDelegate.swift in Sources */,
			);
			runOnlyForDeploymentPostprocessing = 0;
		};
/* End PBXSourcesBuildPhase section */

/* Begin PBXVariantGroup section */
		9231081C25EFFBF40057AD6D /* Main.storyboard */ = {
			isa = PBXVariantGroup;
			children = (
				9231081D25EFFBF40057AD6D /* Base */,
			);
			name = Main.storyboard;
			sourceTree = "<group>";
		};
		9231082125EFFBF70057AD6D /* LaunchScreen.storyboard */ = {
			isa = PBXVariantGroup;
			children = (
				9231082225EFFBF70057AD6D /* Base */,
			);
			name = LaunchScreen.storyboard;
			sourceTree = "<group>";
		};
/* End PBXVariantGroup section */

/* Begin XCBuildConfiguration section */
		9231082525EFFBF70057AD6D /* Debug */ = {
			isa = XCBuildConfiguration;
			buildSettings = {
				ALWAYS_SEARCH_USER_PATHS = NO;
				CLANG_ANALYZER_NONNULL = YES;
				CLANG_ANALYZER_NUMBER_OBJECT_CONVERSION = YES_AGGRESSIVE;
				CLANG_CXX_LANGUAGE_STANDARD = "gnu++14";
				CLANG_CXX_LIBRARY = "libc++";
				CLANG_ENABLE_MODULES = YES;
				CLANG_ENABLE_OBJC_ARC = YES;
				CLANG_ENABLE_OBJC_WEAK = YES;
				CLANG_WARN_BLOCK_CAPTURE_AUTORELEASING = YES;
				CLANG_WARN_BOOL_CONVERSION = YES;
				CLANG_WARN_COMMA = YES;
				CLANG_WARN_CONSTANT_CONVERSION = YES;
				CLANG_WARN_DEPRECATED_OBJC_IMPLEMENTATIONS = YES;
				CLANG_WARN_DIRECT_OBJC_ISA_USAGE = YES_ERROR;
				CLANG_WARN_DOCUMENTATION_COMMENTS = YES;
				CLANG_WARN_EMPTY_BODY = YES;
				CLANG_WARN_ENUM_CONVERSION = YES;
				CLANG_WARN_INFINITE_RECURSION = YES;
				CLANG_WARN_INT_CONVERSION = YES;
				CLANG_WARN_NON_LITERAL_NULL_CONVERSION = YES;
				CLANG_WARN_OBJC_IMPLICIT_RETAIN_SELF = YES;
				CLANG_WARN_OBJC_LITERAL_CONVERSION = YES;
				CLANG_WARN_OBJC_ROOT_CLASS = YES_ERROR;
				CLANG_WARN_QUOTED_INCLUDE_IN_FRAMEWORK_HEADER = YES;
				CLANG_WARN_RANGE_LOOP_ANALYSIS = YES;
				CLANG_WARN_STRICT_PROTOTYPES = YES;
				CLANG_WARN_SUSPICIOUS_MOVE = YES;
				CLANG_WARN_UNGUARDED_AVAILABILITY = YES_AGGRESSIVE;
				CLANG_WARN_UNREACHABLE_CODE = YES;
				CLANG_WARN__DUPLICATE_METHOD_MATCH = YES;
				COPY_PHASE_STRIP = NO;
				DEBUG_INFORMATION_FORMAT = dwarf;
				ENABLE_STRICT_OBJC_MSGSEND = YES;
				ENABLE_TESTABILITY = YES;
				GCC_C_LANGUAGE_STANDARD = gnu11;
				GCC_DYNAMIC_NO_PIC = NO;
				GCC_NO_COMMON_BLOCKS = YES;
				GCC_OPTIMIZATION_LEVEL = 0;
				GCC_PREPROCESSOR_DEFINITIONS = (
					"DEBUG=1",
					"$(inherited)",
				);
				GCC_WARN_64_TO_32_BIT_CONVERSION = YES;
				GCC_WARN_ABOUT_RETURN_TYPE = YES_ERROR;
				GCC_WARN_UNDECLARED_SELECTOR = YES;
				GCC_WARN_UNINITIALIZED_AUTOS = YES_AGGRESSIVE;
				GCC_WARN_UNUSED_FUNCTION = YES;
				GCC_WARN_UNUSED_VARIABLE = YES;
				IPHONEOS_DEPLOYMENT_TARGET = 14.4;
				MTL_ENABLE_DEBUG_INFO = INCLUDE_SOURCE;
				MTL_FAST_MATH = YES;
				ONLY_ACTIVE_ARCH = YES;
				SDKROOT = iphoneos;
				SWIFT_ACTIVE_COMPILATION_CONDITIONS = DEBUG;
				SWIFT_OPTIMIZATION_LEVEL = "-Onone";
			};
			name = Debug;
		};
		9231082625EFFBF70057AD6D /* Release */ = {
			isa = XCBuildConfiguration;
			buildSettings = {
				ALWAYS_SEARCH_USER_PATHS = NO;
				CLANG_ANALYZER_NONNULL = YES;
				CLANG_ANALYZER_NUMBER_OBJECT_CONVERSION = YES_AGGRESSIVE;
				CLANG_CXX_LANGUAGE_STANDARD = "gnu++14";
				CLANG_CXX_LIBRARY = "libc++";
				CLANG_ENABLE_MODULES = YES;
				CLANG_ENABLE_OBJC_ARC = YES;
				CLANG_ENABLE_OBJC_WEAK = YES;
				CLANG_WARN_BLOCK_CAPTURE_AUTORELEASING = YES;
				CLANG_WARN_BOOL_CONVERSION = YES;
				CLANG_WARN_COMMA = YES;
				CLANG_WARN_CONSTANT_CONVERSION = YES;
				CLANG_WARN_DEPRECATED_OBJC_IMPLEMENTATIONS = YES;
				CLANG_WARN_DIRECT_OBJC_ISA_USAGE = YES_ERROR;
				CLANG_WARN_DOCUMENTATION_COMMENTS = YES;
				CLANG_WARN_EMPTY_BODY = YES;
				CLANG_WARN_ENUM_CONVERSION = YES;
				CLANG_WARN_INFINITE_RECURSION = YES;
				CLANG_WARN_INT_CONVERSION = YES;
				CLANG_WARN_NON_LITERAL_NULL_CONVERSION = YES;
				CLANG_WARN_OBJC_IMPLICIT_RETAIN_SELF = YES;
				CLANG_WARN_OBJC_LITERAL_CONVERSION = YES;
				CLANG_WARN_OBJC_ROOT_CLASS = YES_ERROR;
				CLANG_WARN_QUOTED_INCLUDE_IN_FRAMEWORK_HEADER = YES;
				CLANG_WARN_RANGE_LOOP_ANALYSIS = YES;
				CLANG_WARN_STRICT_PROTOTYPES = YES;
				CLANG_WARN_SUSPICIOUS_MOVE = YES;
				CLANG_WARN_UNGUARDED_AVAILABILITY = YES_AGGRESSIVE;
				CLANG_WARN_UNREACHABLE_CODE = YES;
				CLANG_WARN__DUPLICATE_METHOD_MATCH = YES;
				COPY_PHASE_STRIP = NO;
				DEBUG_INFORMATION_FORMAT = "dwarf-with-dsym";
				ENABLE_NS_ASSERTIONS = NO;
				ENABLE_STRICT_OBJC_MSGSEND = YES;
				GCC_C_LANGUAGE_STANDARD = gnu11;
				GCC_NO_COMMON_BLOCKS = YES;
				GCC_WARN_64_TO_32_BIT_CONVERSION = YES;
				GCC_WARN_ABOUT_RETURN_TYPE = YES_ERROR;
				GCC_WARN_UNDECLARED_SELECTOR = YES;
				GCC_WARN_UNINITIALIZED_AUTOS = YES_AGGRESSIVE;
				GCC_WARN_UNUSED_FUNCTION = YES;
				GCC_WARN_UNUSED_VARIABLE = YES;
				IPHONEOS_DEPLOYMENT_TARGET = 14.4;
				MTL_ENABLE_DEBUG_INFO = NO;
				MTL_FAST_MATH = YES;
				SDKROOT = iphoneos;
				SWIFT_COMPILATION_MODE = wholemodule;
				SWIFT_OPTIMIZATION_LEVEL = "-O";
				VALIDATE_PRODUCT = YES;
			};
			name = Release;
		};
		9231082825EFFBF70057AD6D /* Debug */ = {
			isa = XCBuildConfiguration;
			buildSettings = {
				ASSETCATALOG_COMPILER_APPICON_NAME = AppIcon;
				ASSETCATALOG_COMPILER_GLOBAL_ACCENT_COLOR_NAME = AccentColor;
				CODE_SIGN_STYLE = Automatic;
				DEVELOPMENT_TEAM = L9295BF929;
				INFOPLIST_FILE = Walley/Info.plist;
				LD_RUNPATH_SEARCH_PATHS = (
					"$(inherited)",
					"@executable_path/Frameworks",
				);
				PRODUCT_BUNDLE_IDENTIFIER = com.olena.stepaniuk.Walley;
				PRODUCT_NAME = "$(TARGET_NAME)";
				SWIFT_VERSION = 5.0;
				TARGETED_DEVICE_FAMILY = "1,2";
			};
			name = Debug;
		};
		9231082925EFFBF70057AD6D /* Release */ = {
			isa = XCBuildConfiguration;
			buildSettings = {
				ASSETCATALOG_COMPILER_APPICON_NAME = AppIcon;
				ASSETCATALOG_COMPILER_GLOBAL_ACCENT_COLOR_NAME = AccentColor;
				CODE_SIGN_STYLE = Automatic;
				DEVELOPMENT_TEAM = L9295BF929;
				INFOPLIST_FILE = Walley/Info.plist;
				LD_RUNPATH_SEARCH_PATHS = (
					"$(inherited)",
					"@executable_path/Frameworks",
				);
				PRODUCT_BUNDLE_IDENTIFIER = com.olena.stepaniuk.Walley;
				PRODUCT_NAME = "$(TARGET_NAME)";
				SWIFT_VERSION = 5.0;
				TARGETED_DEVICE_FAMILY = "1,2";
			};
			name = Release;
		};
/* End XCBuildConfiguration section */

/* Begin XCConfigurationList section */
		9231080E25EFFBF40057AD6D /* Build configuration list for PBXProject "Walley" */ = {
			isa = XCConfigurationList;
			buildConfigurations = (
				9231082525EFFBF70057AD6D /* Debug */,
				9231082625EFFBF70057AD6D /* Release */,
			);
			defaultConfigurationIsVisible = 0;
			defaultConfigurationName = Release;
		};
		9231082725EFFBF70057AD6D /* Build configuration list for PBXNativeTarget "Walley" */ = {
			isa = XCConfigurationList;
			buildConfigurations = (
				9231082825EFFBF70057AD6D /* Debug */,
				9231082925EFFBF70057AD6D /* Release */,
			);
			defaultConfigurationIsVisible = 0;
			defaultConfigurationName = Release;
		};
/* End XCConfigurationList section */
	};
	rootObject = 9231080B25EFFBF40057AD6D /* Project object */;
}
